
Microsoft Visual Studio Solution File, Format Version 12.00
# Visual Studio Version 17
VisualStudioVersion = 17.10.35122.118
MinimumVisualStudioVersion = 10.0.40219.1
Project("{9A19103F-16F7-4668-BE54-9A1E7A4F7556}") = "CodingDemo", "CodingDemo.csproj", "{8BCAB5A8-DDC6-47D6-AFDB-01251FD2A296}"
EndProject
Global
	GlobalSection(SolutionConfigurationPlatforms) = preSolution
		Debug|Any CPU = Debug|Any CPU
		Release|Any CPU = Release|Any CPU
	EndGlobalSection
	GlobalSection(ProjectConfigurationPlatforms) = postSolution
		{8BCAB5A8-DDC6-47D6-AFDB-01251FD2A296}.Debug|Any CPU.ActiveCfg = Debug|Any CPU
		{8BCAB5A8-DDC6-47D6-AFDB-01251FD2A296}.Debug|Any CPU.Build.0 = Debug|Any CPU
		{8BCAB5A8-DDC6-47D6-AFDB-01251FD2A296}.Release|Any CPU.ActiveCfg = Release|Any CPU
		{8BCAB5A8-DDC6-47D6-AFDB-01251FD2A296}.Release|Any CPU.Build.0 = Release|Any CPU
	EndGlobalSection
	GlobalSection(SolutionProperties) = preSolution
		HideSolutionNode = FALSE
	EndGlobalSection
	GlobalSection(ExtensibilityGlobals) = postSolution
		SolutionGuid = {A4B151E9-F617-48D2-B60F-1411CC026E92}
	EndGlobalSection
EndGlobal
